Microsoft Visual Studio Solution File, Format Version 11.00
# Visual Studio 2008

Project("{EF36069A-CDB3-47D6-6C1D-03D063A8E40E}") = "JellyfishAR", "Assembly-CSharp.csproj", "{9D1265D3-28C5-DEE7-93CA-4548734C63E2}"
EndProject
Project("{EF36069A-CDB3-47D6-6C1D-03D063A8E40E}") = "JellyfishAR", "Assembly-CSharp-Editor.csproj", "{66378300-8986-E75D-BCFA-E1F7521B2FD0}"
EndProject
Global
	GlobalSection(SolutionConfigurationPlatforms) = preSolution
		Debug|Any CPU = Debug|Any CPU
		Release|Any CPU = Release|Any CPU
	EndGlobalSection
	GlobalSection(ProjectConfigurationPlatforms) = postSolution
		{9D1265D3-28C5-DEE7-93CA-4548734C63E2}.Debug|Any CPU.ActiveCfg = Debug|Any CPU
		{9D1265D3-28C5-DEE7-93CA-4548734C63E2}.Debug|Any CPU.Build.0 = Debug|Any CPU
		{9D1265D3-28C5-DEE7-93CA-4548734C63E2}.Release|Any CPU.ActiveCfg = Release|Any CPU
		{9D1265D3-28C5-DEE7-93CA-4548734C63E2}.Release|Any CPU.Build.0 = Release|Any CPU
		{66378300-8986-E75D-BCFA-E1F7521B2FD0}.Debug|Any CPU.ActiveCfg = Debug|Any CPU
		{66378300-8986-E75D-BCFA-E1F7521B2FD0}.Debug|Any CPU.Build.0 = Debug|Any CPU
		{66378300-8986-E75D-BCFA-E1F7521B2FD0}.Release|Any CPU.ActiveCfg = Release|Any CPU
		{66378300-8986-E75D-BCFA-E1F7521B2FD0}.Release|Any CPU.Build.0 = Release|Any CPU
	EndGlobalSection
	GlobalSection(SolutionProperties) = preSolution
		HideSolutionNode = FALSE
	EndGlobalSection
	GlobalSection(MonoDevelopProperties) = preSolution
		StartupItem = Assembly-CSharp.csproj
	EndGlobalSection
EndGlobal
